
Microsoft Visual Studio Solution File, Format Version 12.00
# Visual Studio Version 17
VisualStudioVersion = 17.14.36623.8 d17.14
MinimumVisualStudioVersion = 10.0.40219.1
Project("{FAE04EC0-301F-11D3-BF4B-00C04F79EFBC}") = "Methoden", "Methoden.csproj", "{80E350BD-4F7D-4993-B89E-F34613CD54E8}"
EndProject
Project("{2150E333-8FDC-42A3-9474-1A3956D46DE8}") = "Aufgaben", "Aufgaben", "{02EA681E-C7D8-13C7-8484-4AC65E1B71E8}"
EndProject
Project("{2150E333-8FDC-42A3-9474-1A3956D46DE8}") = "Unterricht", "Unterricht", "{AA076DC9-2D58-47EF-859F-272BA2484A6A}"
EndProject
Global
	GlobalSection(SolutionConfigurationPlatforms) = preSolution
		Debug|Any CPU = Debug|Any CPU
		Release|Any CPU = Release|Any CPU
	EndGlobalSection
	GlobalSection(ProjectConfigurationPlatforms) = postSolution
		{80E350BD-4F7D-4993-B89E-F34613CD54E8}.Debug|Any CPU.ActiveCfg = Debug|Any CPU
		{80E350BD-4F7D-4993-B89E-F34613CD54E8}.Debug|Any CPU.Build.0 = Debug|Any CPU
		{80E350BD-4F7D-4993-B89E-F34613CD54E8}.Release|Any CPU.ActiveCfg = Release|Any CPU
		{80E350BD-4F7D-4993-B89E-F34613CD54E8}.Release|Any CPU.Build.0 = Release|Any CPU
	EndGlobalSection
	GlobalSection(SolutionProperties) = preSolution
		HideSolutionNode = FALSE
	EndGlobalSection
	GlobalSection(NestedProjects) = preSolution
		{80E350BD-4F7D-4993-B89E-F34613CD54E8} = {AA076DC9-2D58-47EF-859F-272BA2484A6A}
	EndGlobalSection
	GlobalSection(ExtensibilityGlobals) = postSolution
		SolutionGuid = {986E4809-BD6A-4811-9584-ABAC8B9859EA}
	EndGlobalSection
EndGlobal
