
Microsoft Visual Studio Solution File, Format Version 12.00
# Visual Studio Version 17
VisualStudioVersion = 17.13.35931.197 d17.13
MinimumVisualStudioVersion = 10.0.40219.1
Project("{FAE04EC0-301F-11D3-BF4B-00C04F79EFBC}") = "MB01", "MB01\MB01.csproj", "{3C7C7728-5F41-4402-9E2F-C9895DBD9AB3}"
EndProject
Global
	GlobalSection(SolutionConfigurationPlatforms) = preSolution
		Debug|Any CPU = Debug|Any CPU
		Release|Any CPU = Release|Any CPU
	EndGlobalSection
	GlobalSection(ProjectConfigurationPlatforms) = postSolution
		{3C7C7728-5F41-4402-9E2F-C9895DBD9AB3}.Debug|Any CPU.ActiveCfg = Debug|Any CPU
		{3C7C7728-5F41-4402-9E2F-C9895DBD9AB3}.Debug|Any CPU.Build.0 = Debug|Any CPU
		{3C7C7728-5F41-4402-9E2F-C9895DBD9AB3}.Release|Any CPU.ActiveCfg = Release|Any CPU
		{3C7C7728-5F41-4402-9E2F-C9895DBD9AB3}.Release|Any CPU.Build.0 = Release|Any CPU
	EndGlobalSection
	GlobalSection(SolutionProperties) = preSolution
		HideSolutionNode = FALSE
	EndGlobalSection
	GlobalSection(ExtensibilityGlobals) = postSolution
		SolutionGuid = {F959B4EC-A8B3-4E56-A159-4FFE7708D1BD}
	EndGlobalSection
EndGlobal
