
Microsoft Visual Studio Solution File, Format Version 12.00
# Visual Studio Version 17
VisualStudioVersion = 17.14.36623.8 d17.14
MinimumVisualStudioVersion = 10.0.40219.1
Project("{FAE04EC0-301F-11D3-BF4B-00C04F79EFBC}") = "OOP", "OOP.csproj", "{67D9CE94-DA95-4AE2-A9D6-46D30E575343}"
EndProject
Project("{2150E333-8FDC-42A3-9474-1A3956D46DE8}") = "Grundlagen", "Grundlagen", "{02EA681E-C7D8-13C7-8484-4AC65E1B71E8}"
EndProject
Project("{FAE04EC0-301F-11D3-BF4B-00C04F79EFBC}") = "Interface_Zoo_uebung", "..\Interface_Zoo_uebung\Interface_Zoo_uebung.csproj", "{B98C9570-33F6-486E-9AE2-712E666F9528}"
EndProject
Global
	GlobalSection(SolutionConfigurationPlatforms) = preSolution
		Debug|Any CPU = Debug|Any CPU
		Release|Any CPU = Release|Any CPU
	EndGlobalSection
	GlobalSection(ProjectConfigurationPlatforms) = postSolution
		{67D9CE94-DA95-4AE2-A9D6-46D30E575343}.Debug|Any CPU.ActiveCfg = Debug|Any CPU
		{67D9CE94-DA95-4AE2-A9D6-46D30E575343}.Debug|Any CPU.Build.0 = Debug|Any CPU
		{67D9CE94-DA95-4AE2-A9D6-46D30E575343}.Release|Any CPU.ActiveCfg = Release|Any CPU
		{67D9CE94-DA95-4AE2-A9D6-46D30E575343}.Release|Any CPU.Build.0 = Release|Any CPU
		{B98C9570-33F6-486E-9AE2-712E666F9528}.Debug|Any CPU.ActiveCfg = Debug|Any CPU
		{B98C9570-33F6-486E-9AE2-712E666F9528}.Debug|Any CPU.Build.0 = Debug|Any CPU
		{B98C9570-33F6-486E-9AE2-712E666F9528}.Release|Any CPU.ActiveCfg = Release|Any CPU
		{B98C9570-33F6-486E-9AE2-712E666F9528}.Release|Any CPU.Build.0 = Release|Any CPU
	EndGlobalSection
	GlobalSection(SolutionProperties) = preSolution
		HideSolutionNode = FALSE
	EndGlobalSection
	GlobalSection(NestedProjects) = preSolution
		{67D9CE94-DA95-4AE2-A9D6-46D30E575343} = {02EA681E-C7D8-13C7-8484-4AC65E1B71E8}
		{B98C9570-33F6-486E-9AE2-712E666F9528} = {02EA681E-C7D8-13C7-8484-4AC65E1B71E8}
	EndGlobalSection
	GlobalSection(ExtensibilityGlobals) = postSolution
		SolutionGuid = {35D7E025-2016-470D-9C7F-8EBCBE1816F2}
	EndGlobalSection
EndGlobal
