
Microsoft Visual Studio Solution File, Format Version 12.00
# Visual Studio Version 17
VisualStudioVersion = 17.14.36623.8 d17.14
MinimumVisualStudioVersion = 10.0.40219.1
Project("{FAE04EC0-301F-11D3-BF4B-00C04F79EFBC}") = "reppetitionaufgabe1", "reppetitionaufgabe1.csproj", "{0D994142-6166-4718-88F5-BF372BF5B465}"
EndProject
Global
	GlobalSection(SolutionConfigurationPlatforms) = preSolution
		Debug|Any CPU = Debug|Any CPU
		Release|Any CPU = Release|Any CPU
	EndGlobalSection
	GlobalSection(ProjectConfigurationPlatforms) = postSolution
		{0D994142-6166-4718-88F5-BF372BF5B465}.Debug|Any CPU.ActiveCfg = Debug|Any CPU
		{0D994142-6166-4718-88F5-BF372BF5B465}.Debug|Any CPU.Build.0 = Debug|Any CPU
		{0D994142-6166-4718-88F5-BF372BF5B465}.Release|Any CPU.ActiveCfg = Release|Any CPU
		{0D994142-6166-4718-88F5-BF372BF5B465}.Release|Any CPU.Build.0 = Release|Any CPU
	EndGlobalSection
	GlobalSection(SolutionProperties) = preSolution
		HideSolutionNode = FALSE
	EndGlobalSection
	GlobalSection(ExtensibilityGlobals) = postSolution
		SolutionGuid = {FBD440D2-9414-430D-80AE-1EADD2B05B2F}
	EndGlobalSection
EndGlobal
